// !$*UTF8*$!
{
	archiveVersion = 1;
	classes = {
	};
	objectVersion = 46;
	objects = {

/* Begin PBXBuildFile section */
		7AA871CC197A6B030093CAF0 /* Foundation.framework in Frameworks */ = {isa = PBXBuildFile; fileRef = 7AA871CB197A6B030093CAF0 /* Foundation.framework */; };
		7AA871CE197A6B030093CAF0 /* CoreGraphics.framework in Frameworks */ = {isa = PBXBuildFile; fileRef = 7AA871CD197A6B030093CAF0 /* CoreGraphics.framework */; };
		7AA871D0197A6B030093CAF0 /* UIKit.framework in Frameworks */ = {isa = PBXBuildFile; fileRef = 7AA871CF197A6B030093CAF0 /* UIKit.framework */; };
		7AA871D2197A6B030093CAF0 /* CoreData.framework in Frameworks */ = {isa = PBXBuildFile; fileRef = 7AA871D1197A6B030093CAF0 /* CoreData.framework */; };
		7AA871D8197A6B030093CAF0 /* InfoPlist.strings in Resources */ = {isa = PBXBuildFile; fileRef = 7AA871D6197A6B030093CAF0 /* InfoPlist.strings */; };
		7AA871DA197A6B030093CAF0 /* main.m in Sources */ = {isa = PBXBuildFile; fileRef = 7AA871D9197A6B030093CAF0 /* main.m */; };
		7AA871DE197A6B030093CAF0 /* AppDelegate.m in Sources */ = {isa = PBXBuildFile; fileRef = 7AA871DD197A6B030093CAF0 /* AppDelegate.m */; };
		7AA871E1197A6B030093CAF0 /* valet.xcdatamodeld in Sources */ = {isa = PBXBuildFile; fileRef = 7AA871DF197A6B030093CAF0 /* valet.xcdatamodeld */; };
		7AA871E3197A6B030093CAF0 /* Images.xcassets in Resources */ = {isa = PBXBuildFile; fileRef = 7AA871E2197A6B030093CAF0 /* Images.xcassets */; };
		7AA871EA197A6B030093CAF0 /* XCTest.framework in Frameworks */ = {isa = PBXBuildFile; fileRef = 7AA871E9197A6B030093CAF0 /* XCTest.framework */; };
		7AA871EB197A6B030093CAF0 /* Foundation.framework in Frameworks */ = {isa = PBXBuildFile; fileRef = 7AA871CB197A6B030093CAF0 /* Foundation.framework */; };
		7AA871EC197A6B030093CAF0 /* UIKit.framework in Frameworks */ = {isa = PBXBuildFile; fileRef = 7AA871CF197A6B030093CAF0 /* UIKit.framework */; };
		7AA871ED197A6B030093CAF0 /* CoreData.framework in Frameworks */ = {isa = PBXBuildFile; fileRef = 7AA871D1197A6B030093CAF0 /* CoreData.framework */; };
		7AA871F5197A6B030093CAF0 /* InfoPlist.strings in Resources */ = {isa = PBXBuildFile; fileRef = 7AA871F3197A6B030093CAF0 /* InfoPlist.strings */; };
		7AA871F7197A6B030093CAF0 /* valetTests.m in Sources */ = {isa = PBXBuildFile; fileRef = 7AA871F6197A6B030093CAF0 /* valetTests.m */; };
		7AA87201197A6B1A0093CAF0 /* Main.storyboard in Resources */ = {isa = PBXBuildFile; fileRef = 7AA87200197A6B1A0093CAF0 /* Main.storyboard */; };
		7AA87204197A6C730093CAF0 /* UserDetailsViewController.m in Sources */ = {isa = PBXBuildFile; fileRef = 7AA87203197A6C730093CAF0 /* UserDetailsViewController.m */; };
		7AA87206197A7B470093CAF0 /* Social.framework in Frameworks */ = {isa = PBXBuildFile; fileRef = 7AA87205197A7B470093CAF0 /* Social.framework */; };
		7AA87208197A7B4C0093CAF0 /* Accounts.framework in Frameworks */ = {isa = PBXBuildFile; fileRef = 7AA87207197A7B4C0093CAF0 /* Accounts.framework */; };
		7AA8720A197A99EA0093CAF0 /* Podfile in Resources */ = {isa = PBXBuildFile; fileRef = 7AA87209197A99EA0093CAF0 /* Podfile */; };
		7AA87216197AB20E0093CAF0 /* couponCard.m in Sources */ = {isa = PBXBuildFile; fileRef = 7AA87215197AB20E0093CAF0 /* couponCard.m */; };
		7AA87219197AB3180093CAF0 /* couponViewController.m in Sources */ = {isa = PBXBuildFile; fileRef = 7AA87218197AB3180093CAF0 /* couponViewController.m */; };
		7AA8721C197AF44D0093CAF0 /* LandingPageViewController.m in Sources */ = {isa = PBXBuildFile; fileRef = 7AA8721B197AF44D0093CAF0 /* LandingPageViewController.m */; };
		7AA8721E197AF48E0093CAF0 /* CoreBluetooth.framework in Frameworks */ = {isa = PBXBuildFile; fileRef = 7AA8721D197AF48E0093CAF0 /* CoreBluetooth.framework */; };
		7AA87220197AF4950093CAF0 /* CoreLocation.framework in Frameworks */ = {isa = PBXBuildFile; fileRef = 7AA8721F197AF4950093CAF0 /* CoreLocation.framework */; };
		7AA87222197AFB3C0093CAF0 /* beaconDetails in Resources */ = {isa = PBXBuildFile; fileRef = 7AA87221197AFB3C0093CAF0 /* beaconDetails */; };
		7AA87225197B15D30093CAF0 /* userDisplayViewController.m in Sources */ = {isa = PBXBuildFile; fileRef = 7AA87224197B15D30093CAF0 /* userDisplayViewController.m */; };
		7AA87228197B20450093CAF0 /* AsyncImageView.m in Sources */ = {isa = PBXBuildFile; fileRef = 7AA87227197B20450093CAF0 /* AsyncImageView.m */; };
		C72EB68AF55C493A86B5CAB7 /* libPods.a in Frameworks */ = {isa = PBXBuildFile; fileRef = 190FF94B424046D18D81CC47 /* libPods.a */; };
/* End PBXBuildFile section */

/* Begin PBXContainerItemProxy section */
		7AA871EE197A6B030093CAF0 /* PBXContainerItemProxy */ = {
			isa = PBXContainerItemProxy;
			containerPortal = 7AA871C0197A6B030093CAF0 /* Project object */;
			proxyType = 1;
			remoteGlobalIDString = 7AA871C7197A6B030093CAF0;
			remoteInfo = valet;
		};
/* End PBXContainerItemProxy section */

/* Begin PBXFileReference section */
		190FF94B424046D18D81CC47 /* libPods.a */ = {isa = PBXFileReference; explicitFileType = archive.ar; includeInIndex = 0; path = libPods.a; sourceTree = BUILT_PRODUCTS_DIR; };
		5EDC7DC14BD04C2B9F48E188 /* Pods.xcconfig */ = {isa = PBXFileReference; includeInIndex = 1; lastKnownFileType = text.xcconfig; name = Pods.xcconfig; path = Pods/Pods.xcconfig; sourceTree = "<group>"; };
		7AA871C8197A6B030093CAF0 /* valet.app */ = {isa = PBXFileReference; explicitFileType = wrapper.application; includeInIndex = 0; path = valet.app; sourceTree = BUILT_PRODUCTS_DIR; };
		7AA871CB197A6B030093CAF0 /* Foundation.framework */ = {isa = PBXFileReference; lastKnownFileType = wrapper.framework; name = Foundation.framework; path = System/Library/Frameworks/Foundation.framework; sourceTree = SDKROOT; };
		7AA871CD197A6B030093CAF0 /* CoreGraphics.framework */ = {isa = PBXFileReference; lastKnownFileType = wrapper.framework; name = CoreGraphics.framework; path = System/Library/Frameworks/CoreGraphics.framework; sourceTree = SDKROOT; };
		7AA871CF197A6B030093CAF0 /* UIKit.framework */ = {isa = PBXFileReference; lastKnownFileType = wrapper.framework; name = UIKit.framework; path = System/Library/Frameworks/UIKit.framework; sourceTree = SDKROOT; };
		7AA871D1197A6B030093CAF0 /* CoreData.framework */ = {isa = PBXFileReference; lastKnownFileType = wrapper.framework; name = CoreData.framework; path = System/Library/Frameworks/CoreData.framework; sourceTree = SDKROOT; };
		7AA871D5197A6B030093CAF0 /* valet-Info.plist */ = {isa = PBXFileReference; lastKnownFileType = text.plist.xml; path = "valet-Info.plist"; sourceTree = "<group>"; };
		7AA871D7197A6B030093CAF0 /* en */ = {isa = PBXFileReference; lastKnownFileType = text.plist.strings; name = en; path = en.lproj/InfoPlist.strings; sourceTree = "<group>"; };
		7AA871D9197A6B030093CAF0 /* main.m */ = {isa = PBXFileReference; lastKnownFileType = sourcecode.c.objc; path = main.m; sourceTree = "<group>"; };
		7AA871DB197A6B030093CAF0 /* valet-Prefix.pch */ = {isa = PBXFileReference; lastKnownFileType = sourcecode.c.h; path = "valet-Prefix.pch"; sourceTree = "<group>"; };
		7AA871DC197A6B030093CAF0 /* AppDelegate.h */ = {isa = PBXFileReference; lastKnownFileType = sourcecode.c.h; path = AppDelegate.h; sourceTree = "<group>"; };
		7AA871DD197A6B030093CAF0 /* AppDelegate.m */ = {isa = PBXFileReference; lastKnownFileType = sourcecode.c.objc; path = AppDelegate.m; sourceTree = "<group>"; };
		7AA871E0197A6B030093CAF0 /* valet.xcdatamodel */ = {isa = PBXFileReference; lastKnownFileType = wrapper.xcdatamodel; path = valet.xcdatamodel; sourceTree = "<group>"; };
		7AA871E2197A6B030093CAF0 /* Images.xcassets */ = {isa = PBXFileReference; lastKnownFileType = folder.assetcatalog; path = Images.xcassets; sourceTree = "<group>"; };
		7AA871E8197A6B030093CAF0 /* valetTests.xctest */ = {isa = PBXFileReference; explicitFileType = wrapper.cfbundle; includeInIndex = 0; path = valetTests.xctest; sourceTree = BUILT_PRODUCTS_DIR; };
		7AA871E9197A6B030093CAF0 /* XCTest.framework */ = {isa = PBXFileReference; lastKnownFileType = wrapper.framework; name = XCTest.framework; path = Library/Frameworks/XCTest.framework; sourceTree = DEVELOPER_DIR; };
		7AA871F2197A6B030093CAF0 /* valetTests-Info.plist */ = {isa = PBXFileReference; lastKnownFileType = text.plist.xml; path = "valetTests-Info.plist"; sourceTree = "<group>"; };
		7AA871F4197A6B030093CAF0 /* en */ = {isa = PBXFileReference; lastKnownFileType = text.plist.strings; name = en; path = en.lproj/InfoPlist.strings; sourceTree = "<group>"; };
		7AA871F6197A6B030093CAF0 /* valetTests.m */ = {isa = PBXFileReference; lastKnownFileType = sourcecode.c.objc; path = valetTests.m; sourceTree = "<group>"; };
		7AA87200197A6B1A0093CAF0 /* Main.storyboard */ = {isa = PBXFileReference; fileEncoding = 4; lastKnownFileType = file.storyboard; name = Main.storyboard; path = ../Main.storyboard; sourceTree = "<group>"; };
		7AA87202197A6C730093CAF0 /* UserDetailsViewController.h */ = {isa = PBXFileReference; fileEncoding = 4; lastKnownFileType = sourcecode.c.h; path = UserDetailsViewController.h; sourceTree = "<group>"; };
		7AA87203197A6C730093CAF0 /* UserDetailsViewController.m */ = {isa = PBXFileReference; fileEncoding = 4; lastKnownFileType = sourcecode.c.objc; path = UserDetailsViewController.m; sourceTree = "<group>"; };
		7AA87205197A7B470093CAF0 /* Social.framework */ = {isa = PBXFileReference; lastKnownFileType = wrapper.framework; name = Social.framework; path = System/Library/Frameworks/Social.framework; sourceTree = SDKROOT; };
		7AA87207197A7B4C0093CAF0 /* Accounts.framework */ = {isa = PBXFileReference; lastKnownFileType = wrapper.framework; name = Accounts.framework; path = System/Library/Frameworks/Accounts.framework; sourceTree = SDKROOT; };
		7AA87209197A99EA0093CAF0 /* Podfile */ = {isa = PBXFileReference; fileEncoding = 4; lastKnownFileType = text; path = Podfile; sourceTree = "<group>"; xcLanguageSpecificationIdentifier = xcode.lang.ruby; };
		7AA87214197AB20E0093CAF0 /* couponCard.h */ = {isa = PBXFileReference; fileEncoding = 4; lastKnownFileType = sourcecode.c.h; path = couponCard.h; sourceTree = "<group>"; };
		7AA87215197AB20E0093CAF0 /* couponCard.m */ = {isa = PBXFileReference; fileEncoding = 4; lastKnownFileType = sourcecode.c.objc; path = couponCard.m; sourceTree = "<group>"; };
		7AA87217197AB3180093CAF0 /* couponViewController.h */ = {isa = PBXFileReference; fileEncoding = 4; lastKnownFileType = sourcecode.c.h; path = couponViewController.h; sourceTree = "<group>"; };
		7AA87218197AB3180093CAF0 /* couponViewController.m */ = {isa = PBXFileReference; fileEncoding = 4; lastKnownFileType = sourcecode.c.objc; path = couponViewController.m; sourceTree = "<group>"; };
		7AA8721A197AF44D0093CAF0 /* LandingPageViewController.h */ = {isa = PBXFileReference; fileEncoding = 4; lastKnownFileType = sourcecode.c.h; path = LandingPageViewController.h; sourceTree = "<group>"; };
		7AA8721B197AF44D0093CAF0 /* LandingPageViewController.m */ = {isa = PBXFileReference; fileEncoding = 4; lastKnownFileType = sourcecode.c.objc; path = LandingPageViewController.m; sourceTree = "<group>"; };
		7AA8721D197AF48E0093CAF0 /* CoreBluetooth.framework */ = {isa = PBXFileReference; lastKnownFileType = wrapper.framework; name = CoreBluetooth.framework; path = System/Library/Frameworks/CoreBluetooth.framework; sourceTree = SDKROOT; };
		7AA8721F197AF4950093CAF0 /* CoreLocation.framework */ = {isa = PBXFileReference; lastKnownFileType = wrapper.framework; name = CoreLocation.framework; path = System/Library/Frameworks/CoreLocation.framework; sourceTree = SDKROOT; };
		7AA87221197AFB3C0093CAF0 /* beaconDetails */ = {isa = PBXFileReference; fileEncoding = 4; lastKnownFileType = text; path = beaconDetails; sourceTree = "<group>"; };
		7AA87223197B15D30093CAF0 /* userDisplayViewController.h */ = {isa = PBXFileReference; fileEncoding = 4; lastKnownFileType = sourcecode.c.h; path = userDisplayViewController.h; sourceTree = "<group>"; };
		7AA87224197B15D30093CAF0 /* userDisplayViewController.m */ = {isa = PBXFileReference; fileEncoding = 4; lastKnownFileType = sourcecode.c.objc; path = userDisplayViewController.m; sourceTree = "<group>"; };
		7AA87226197B20450093CAF0 /* AsyncImageView.h */ = {isa = PBXFileReference; fileEncoding = 4; lastKnownFileType = sourcecode.c.h; path = AsyncImageView.h; sourceTree = "<group>"; };
		7AA87227197B20450093CAF0 /* AsyncImageView.m */ = {isa = PBXFileReference; fileEncoding = 4; lastKnownFileType = sourcecode.c.objc; path = AsyncImageView.m; sourceTree = "<group>"; };
/* End PBXFileReference section */

/* Begin PBXFrameworksBuildPhase section */
		7AA871C5197A6B030093CAF0 /* Frameworks */ = {
			isa = PBXFrameworksBuildPhase;
			buildActionMask = 2147483647;
			files = (
				7AA87220197AF4950093CAF0 /* CoreLocation.framework in Frameworks */,
				7AA8721E197AF48E0093CAF0 /* CoreBluetooth.framework in Frameworks */,
				7AA87208197A7B4C0093CAF0 /* Accounts.framework in Frameworks */,
				7AA87206197A7B470093CAF0 /* Social.framework in Frameworks */,
				7AA871CE197A6B030093CAF0 /* CoreGraphics.framework in Frameworks */,
				7AA871D2197A6B030093CAF0 /* CoreData.framework in Frameworks */,
				7AA871D0197A6B030093CAF0 /* UIKit.framework in Frameworks */,
				7AA871CC197A6B030093CAF0 /* Foundation.framework in Frameworks */,
				C72EB68AF55C493A86B5CAB7 /* libPods.a in Frameworks */,
			);
			runOnlyForDeploymentPostprocessing = 0;
		};
		7AA871E5197A6B030093CAF0 /* Frameworks */ = {
			isa = PBXFrameworksBuildPhase;
			buildActionMask = 2147483647;
			files = (
				7AA871EA197A6B030093CAF0 /* XCTest.framework in Frameworks */,
				7AA871ED197A6B030093CAF0 /* CoreData.framework in Frameworks */,
				7AA871EC197A6B030093CAF0 /* UIKit.framework in Frameworks */,
				7AA871EB197A6B030093CAF0 /* Foundation.framework in Frameworks */,
			);
			runOnlyForDeploymentPostprocessing = 0;
		};
/* End PBXFrameworksBuildPhase section */

/* Begin PBXGroup section */
		7AA871BF197A6B030093CAF0 = {
			isa = PBXGroup;
			children = (
				7AA87209197A99EA0093CAF0 /* Podfile */,
				7AA871D3197A6B030093CAF0 /* valet */,
				7AA871F0197A6B030093CAF0 /* valetTests */,
				7AA871CA197A6B030093CAF0 /* Frameworks */,
				7AA871C9197A6B030093CAF0 /* Products */,
				5EDC7DC14BD04C2B9F48E188 /* Pods.xcconfig */,
			);
			sourceTree = "<group>";
		};
		7AA871C9197A6B030093CAF0 /* Products */ = {
			isa = PBXGroup;
			children = (
				7AA871C8197A6B030093CAF0 /* valet.app */,
				7AA871E8197A6B030093CAF0 /* valetTests.xctest */,
			);
			name = Products;
			sourceTree = "<group>";
		};
		7AA871CA197A6B030093CAF0 /* Frameworks */ = {
			isa = PBXGroup;
			children = (
				7AA8721F197AF4950093CAF0 /* CoreLocation.framework */,
				7AA8721D197AF48E0093CAF0 /* CoreBluetooth.framework */,
				7AA87207197A7B4C0093CAF0 /* Accounts.framework */,
				7AA87205197A7B470093CAF0 /* Social.framework */,
				7AA871CB197A6B030093CAF0 /* Foundation.framework */,
				7AA871CD197A6B030093CAF0 /* CoreGraphics.framework */,
				7AA871CF197A6B030093CAF0 /* UIKit.framework */,
				7AA871D1197A6B030093CAF0 /* CoreData.framework */,
				7AA871E9197A6B030093CAF0 /* XCTest.framework */,
				190FF94B424046D18D81CC47 /* libPods.a */,
			);
			name = Frameworks;
			sourceTree = "<group>";
		};
		7AA871D3197A6B030093CAF0 /* valet */ = {
			isa = PBXGroup;
			children = (
				7AA87229197B21C60093CAF0 /* asyncImage */,
				7AA87221197AFB3C0093CAF0 /* beaconDetails */,
				7AA87200197A6B1A0093CAF0 /* Main.storyboard */,
				7AA87223197B15D30093CAF0 /* userDisplayViewController.h */,
				7AA87224197B15D30093CAF0 /* userDisplayViewController.m */,
				7AA8721A197AF44D0093CAF0 /* LandingPageViewController.h */,
				7AA8721B197AF44D0093CAF0 /* LandingPageViewController.m */,
				7AA87217197AB3180093CAF0 /* couponViewController.h */,
				7AA87218197AB3180093CAF0 /* couponViewController.m */,
				7AA87214197AB20E0093CAF0 /* couponCard.h */,
				7AA87215197AB20E0093CAF0 /* couponCard.m */,
				7AA871DC197A6B030093CAF0 /* AppDelegate.h */,
				7AA871DD197A6B030093CAF0 /* AppDelegate.m */,
				7AA87202197A6C730093CAF0 /* UserDetailsViewController.h */,
				7AA87203197A6C730093CAF0 /* UserDetailsViewController.m */,
				7AA871E2197A6B030093CAF0 /* Images.xcassets */,
				7AA871DF197A6B030093CAF0 /* valet.xcdatamodeld */,
				7AA871D4197A6B030093CAF0 /* Supporting Files */,
			);
			path = valet;
			sourceTree = "<group>";
		};
		7AA871D4197A6B030093CAF0 /* Supporting Files */ = {
			isa = PBXGroup;
			children = (
				7AA871D5197A6B030093CAF0 /* valet-Info.plist */,
				7AA871D6197A6B030093CAF0 /* InfoPlist.strings */,
				7AA871D9197A6B030093CAF0 /* main.m */,
				7AA871DB197A6B030093CAF0 /* valet-Prefix.pch */,
			);
			name = "Supporting Files";
			sourceTree = "<group>";
		};
		7AA871F0197A6B030093CAF0 /* valetTests */ = {
			isa = PBXGroup;
			children = (
				7AA871F6197A6B030093CAF0 /* valetTests.m */,
				7AA871F1197A6B030093CAF0 /* Supporting Files */,
			);
			path = valetTests;
			sourceTree = "<group>";
		};
		7AA871F1197A6B030093CAF0 /* Supporting Files */ = {
			isa = PBXGroup;
			children = (
				7AA871F2197A6B030093CAF0 /* valetTests-Info.plist */,
				7AA871F3197A6B030093CAF0 /* InfoPlist.strings */,
			);
			name = "Supporting Files";
			sourceTree = "<group>";
		};
		7AA87229197B21C60093CAF0 /* asyncImage */ = {
			isa = PBXGroup;
			children = (
				7AA87226197B20450093CAF0 /* AsyncImageView.h */,
				7AA87227197B20450093CAF0 /* AsyncImageView.m */,
			);
			name = asyncImage;
			sourceTree = "<group>";
		};
/* End PBXGroup section */

/* Begin PBXNativeTarget section */
		7AA871C7197A6B030093CAF0 /* valet */ = {
			isa = PBXNativeTarget;
			buildConfigurationList = 7AA871FA197A6B030093CAF0 /* Build configuration list for PBXNativeTarget "valet" */;
			buildPhases = (
				8817115CE02148DFA7E202F2 /* Check Pods Manifest.lock */,
				7AA871C4197A6B030093CAF0 /* Sources */,
				7AA871C5197A6B030093CAF0 /* Frameworks */,
				7AA871C6197A6B030093CAF0 /* Resources */,
				0D5E05024D4247D095B2821F /* Copy Pods Resources */,
			);
			buildRules = (
			);
			dependencies = (
			);
			name = valet;
			productName = valet;
			productReference = 7AA871C8197A6B030093CAF0 /* valet.app */;
			productType = "com.apple.product-type.application";
		};
		7AA871E7197A6B030093CAF0 /* valetTests */ = {
			isa = PBXNativeTarget;
			buildConfigurationList = 7AA871FD197A6B030093CAF0 /* Build configuration list for PBXNativeTarget "valetTests" */;
			buildPhases = (
				7AA871E4197A6B030093CAF0 /* Sources */,
				7AA871E5197A6B030093CAF0 /* Frameworks */,
				7AA871E6197A6B030093CAF0 /* Resources */,
			);
			buildRules = (
			);
			dependencies = (
				7AA871EF197A6B030093CAF0 /* PBXTargetDependency */,
			);
			name = valetTests;
			productName = valetTests;
			productReference = 7AA871E8197A6B030093CAF0 /* valetTests.xctest */;
			productType = "com.apple.product-type.bundle.unit-test";
		};
/* End PBXNativeTarget section */

/* Begin PBXProject section */
		7AA871C0197A6B030093CAF0 /* Project object */ = {
			isa = PBXProject;
			attributes = {
				LastUpgradeCheck = 0510;
				ORGANIZATIONNAME = "Robin's code kitchen";
				TargetAttributes = {
					7AA871E7197A6B030093CAF0 = {
						TestTargetID = 7AA871C7197A6B030093CAF0;
					};
				};
			};
			buildConfigurationList = 7AA871C3197A6B030093CAF0 /* Build configuration list for PBXProject "valet" */;
			compatibilityVersion = "Xcode 3.2";
			developmentRegion = English;
			hasScannedForEncodings = 0;
			knownRegions = (
				en,
			);
			mainGroup = 7AA871BF197A6B030093CAF0;
			productRefGroup = 7AA871C9197A6B030093CAF0 /* Products */;
			projectDirPath = "";
			projectRoot = "";
			targets = (
				7AA871C7197A6B030093CAF0 /* valet */,
				7AA871E7197A6B030093CAF0 /* valetTests */,
			);
		};
/* End PBXProject section */

/* Begin PBXResourcesBuildPhase section */
		7AA871C6197A6B030093CAF0 /* Resources */ = {
			isa = PBXResourcesBuildPhase;
			buildActionMask = 2147483647;
			files = (
				7AA87222197AFB3C0093CAF0 /* beaconDetails in Resources */,
				7AA87201197A6B1A0093CAF0 /* Main.storyboard in Resources */,
				7AA871D8197A6B030093CAF0 /* InfoPlist.strings in Resources */,
				7AA8720A197A99EA0093CAF0 /* Podfile in Resources */,
				7AA871E3197A6B030093CAF0 /* Images.xcassets in Resources */,
			);
			runOnlyForDeploymentPostprocessing = 0;
		};
		7AA871E6197A6B030093CAF0 /* Resources */ = {
			isa = PBXResourcesBuildPhase;
			buildActionMask = 2147483647;
			files = (
				7AA871F5197A6B030093CAF0 /* InfoPlist.strings in Resources */,
			);
			runOnlyForDeploymentPostprocessing = 0;
		};
/* End PBXResourcesBuildPhase section */

/* Begin PBXShellScriptBuildPhase section */
		0D5E05024D4247D095B2821F /* Copy Pods Resources */ = {
			isa = PBXShellScriptBuildPhase;
			buildActionMask = 2147483647;
			files = (
			);
			inputPaths = (
			);
			name = "Copy Pods Resources";
			outputPaths = (
			);
			runOnlyForDeploymentPostprocessing = 0;
			shellPath = /bin/sh;
			shellScript = "\"${SRCROOT}/Pods/Pods-resources.sh\"\n";
			showEnvVarsInLog = 0;
		};
		8817115CE02148DFA7E202F2 /* Check Pods Manifest.lock */ = {
			isa = PBXShellScriptBuildPhase;
			buildActionMask = 2147483647;
			files = (
			);
			inputPaths = (
			);
			name = "Check Pods Manifest.lock";
			outputPaths = (
			);
			runOnlyForDeploymentPostprocessing = 0;
			shellPath = /bin/sh;
			shellScript = "diff \"${PODS_ROOT}/../Podfile.lock\" \"${PODS_ROOT}/Manifest.lock\" > /dev/null\nif [[ $? != 0 ]] ; then\n    cat << EOM\nerror: The sandbox is not in sync with the Podfile.lock. Run 'pod install' or update your CocoaPods installation.\nEOM\n    exit 1\nfi\n";
			showEnvVarsInLog = 0;
		};
/* End PBXShellScriptBuildPhase section */

/* Begin PBXSourcesBuildPhase section */
		7AA871C4197A6B030093CAF0 /* Sources */ = {
			isa = PBXSourcesBuildPhase;
			buildActionMask = 2147483647;
			files = (
				7AA8721C197AF44D0093CAF0 /* LandingPageViewController.m in Sources */,
				7AA87228197B20450093CAF0 /* AsyncImageView.m in Sources */,
				7AA871E1197A6B030093CAF0 /* valet.xcdatamodeld in Sources */,
				7AA87225197B15D30093CAF0 /* userDisplayViewController.m in Sources */,
				7AA871DE197A6B030093CAF0 /* AppDelegate.m in Sources */,
				7AA87219197AB3180093CAF0 /* couponViewController.m in Sources */,
				7AA87216197AB20E0093CAF0 /* couponCard.m in Sources */,
				7AA87204197A6C730093CAF0 /* UserDetailsViewController.m in Sources */,
				7AA871DA197A6B030093CAF0 /* main.m in Sources */,
			);
			runOnlyForDeploymentPostprocessing = 0;
		};
		7AA871E4197A6B030093CAF0 /* Sources */ = {
			isa = PBXSourcesBuildPhase;
			buildActionMask = 2147483647;
			files = (
				7AA871F7197A6B030093CAF0 /* valetTests.m in Sources */,
			);
			runOnlyForDeploymentPostprocessing = 0;
		};
/* End PBXSourcesBuildPhase section */

/* Begin PBXTargetDependency section */
		7AA871EF197A6B030093CAF0 /* PBXTargetDependency */ = {
			isa = PBXTargetDependency;
			target = 7AA871C7197A6B030093CAF0 /* valet */;
			targetProxy = 7AA871EE197A6B030093CAF0 /* PBXContainerItemProxy */;
		};
/* End PBXTargetDependency section */

/* Begin PBXVariantGroup section */
		7AA871D6197A6B030093CAF0 /* InfoPlist.strings */ = {
			isa = PBXVariantGroup;
			children = (
				7AA871D7197A6B030093CAF0 /* en */,
			);
			name = InfoPlist.strings;
			sourceTree = "<group>";
		};
		7AA871F3197A6B030093CAF0 /* InfoPlist.strings */ = {
			isa = PBXVariantGroup;
			children = (
				7AA871F4197A6B030093CAF0 /* en */,
			);
			name = InfoPlist.strings;
			sourceTree = "<group>";
		};
/* End PBXVariantGroup section */

/* Begin XCBuildConfiguration section */
		7AA871F8197A6B030093CAF0 /* Debug */ = {
			isa = XCBuildConfiguration;
			buildSettings = {
				ALWAYS_SEARCH_USER_PATHS = NO;
				CLANG_CXX_LANGUAGE_STANDARD = "gnu++0x";
				CLANG_CXX_LIBRARY = "libc++";
				CLANG_ENABLE_MODULES = YES;
				CLANG_ENABLE_OBJC_ARC = YES;
				CLANG_WARN_BOOL_CONVERSION = YES;
				CLANG_WARN_CONSTANT_CONVERSION = YES;
				CLANG_WARN_DIRECT_OBJC_ISA_USAGE = YES_ERROR;
				CLANG_WARN_EMPTY_BODY = YES;
				CLANG_WARN_ENUM_CONVERSION = YES;
				CLANG_WARN_INT_CONVERSION = YES;
				CLANG_WARN_OBJC_ROOT_CLASS = YES_ERROR;
				CLANG_WARN__DUPLICATE_METHOD_MATCH = YES;
				"CODE_SIGN_IDENTITY[sdk=iphoneos*]" = "iPhone Developer";
				COPY_PHASE_STRIP = NO;
				GCC_C_LANGUAGE_STANDARD = gnu99;
				GCC_DYNAMIC_NO_PIC = NO;
				GCC_OPTIMIZATION_LEVEL = 0;
				GCC_PREPROCESSOR_DEFINITIONS = (
					"DEBUG=1",
					"$(inherited)",
				);
				GCC_SYMBOLS_PRIVATE_EXTERN = NO;
				GCC_WARN_64_TO_32_BIT_CONVERSION = YES;
				GCC_WARN_ABOUT_RETURN_TYPE = YES_ERROR;
				GCC_WARN_UNDECLARED_SELECTOR = YES;
				GCC_WARN_UNINITIALIZED_AUTOS = YES_AGGRESSIVE;
				GCC_WARN_UNUSED_FUNCTION = YES;
				GCC_WARN_UNUSED_VARIABLE = YES;
				IPHONEOS_DEPLOYMENT_TARGET = 7.1;
				ONLY_ACTIVE_ARCH = YES;
				SDKROOT = iphoneos;
			};
			name = Debug;
		};
		7AA871F9197A6B030093CAF0 /* Release */ = {
			isa = XCBuildConfiguration;
			buildSettings = {
				ALWAYS_SEARCH_USER_PATHS = NO;
				CLANG_CXX_LANGUAGE_STANDARD = "gnu++0x";
				CLANG_CXX_LIBRARY = "libc++";
				CLANG_ENABLE_MODULES = YES;
				CLANG_ENABLE_OBJC_ARC = YES;
				CLANG_WARN_BOOL_CONVERSION = YES;
				CLANG_WARN_CONSTANT_CONVERSION = YES;
				CLANG_WARN_DIRECT_OBJC_ISA_USAGE = YES_ERROR;
				CLANG_WARN_EMPTY_BODY = YES;
				CLANG_WARN_ENUM_CONVERSION = YES;
				CLANG_WARN_INT_CONVERSION = YES;
				CLANG_WARN_OBJC_ROOT_CLASS = YES_ERROR;
				CLANG_WARN__DUPLICATE_METHOD_MATCH = YES;
				"CODE_SIGN_IDENTITY[sdk=iphoneos*]" = "iPhone Developer";
				COPY_PHASE_STRIP = YES;
				ENABLE_NS_ASSERTIONS = NO;
				GCC_C_LANGUAGE_STANDARD = gnu99;
				GCC_WARN_64_TO_32_BIT_CONVERSION = YES;
				GCC_WARN_ABOUT_RETURN_TYPE = YES_ERROR;
				GCC_WARN_UNDECLARED_SELECTOR = YES;
				GCC_WARN_UNINITIALIZED_AUTOS = YES_AGGRESSIVE;
				GCC_WARN_UNUSED_FUNCTION = YES;
				GCC_WARN_UNUSED_VARIABLE = YES;
				IPHONEOS_DEPLOYMENT_TARGET = 7.1;
				SDKROOT = iphoneos;
				VALIDATE_PRODUCT = YES;
			};
			name = Release;
		};
		7AA871FB197A6B030093CAF0 /* Debug */ = {
			isa = XCBuildConfiguration;
			baseConfigurationReference = 5EDC7DC14BD04C2B9F48E188 /* Pods.xcconfig */;
			buildSettings = {
				ASSETCATALOG_COMPILER_APPICON_NAME = AppIcon;
				ASSETCATALOG_COMPILER_LAUNCHIMAGE_NAME = LaunchImage;
				GCC_PRECOMPILE_PREFIX_HEADER = YES;
				GCC_PREFIX_HEADER = "valet/valet-Prefix.pch";
				INFOPLIST_FILE = "valet/valet-Info.plist";
				PRODUCT_NAME = "$(TARGET_NAME)";
				WRAPPER_EXTENSION = app;
			};
			name = Debug;
		};
		7AA871FC197A6B030093CAF0 /* Release */ = {
			isa = XCBuildConfiguration;
			baseConfigurationReference = 5EDC7DC14BD04C2B9F48E188 /* Pods.xcconfig */;
			buildSettings = {
				ASSETCATALOG_COMPILER_APPICON_NAME = AppIcon;
				ASSETCATALOG_COMPILER_LAUNCHIMAGE_NAME = LaunchImage;
				GCC_PRECOMPILE_PREFIX_HEADER = YES;
				GCC_PREFIX_HEADER = "valet/valet-Prefix.pch";
				INFOPLIST_FILE = "valet/valet-Info.plist";
				PRODUCT_NAME = "$(TARGET_NAME)";
				WRAPPER_EXTENSION = app;
			};
			name = Release;
		};
		7AA871FE197A6B030093CAF0 /* Debug */ = {
			isa = XCBuildConfiguration;
			buildSettings = {
				BUNDLE_LOADER = "$(BUILT_PRODUCTS_DIR)/valet.app/valet";
				FRAMEWORK_SEARCH_PATHS = (
					"$(SDKROOT)/Developer/Library/Frameworks",
					"$(inherited)",
					"$(DEVELOPER_FRAMEWORKS_DIR)",
				);
				GCC_PRECOMPILE_PREFIX_HEADER = YES;
				GCC_PREFIX_HEADER = "valet/valet-Prefix.pch";
				GCC_PREPROCESSOR_DEFINITIONS = (
					"DEBUG=1",
					"$(inherited)",
				);
				INFOPLIST_FILE = "valetTests/valetTests-Info.plist";
				PRODUCT_NAME = "$(TARGET_NAME)";
				TEST_HOST = "$(BUNDLE_LOADER)";
				WRAPPER_EXTENSION = xctest;
			};
			name = Debug;
		};
		7AA871FF197A6B030093CAF0 /* Release */ = {
			isa = XCBuildConfiguration;
			buildSettings = {
				BUNDLE_LOADER = "$(BUILT_PRODUCTS_DIR)/valet.app/valet";
				FRAMEWORK_SEARCH_PATHS = (
					"$(SDKROOT)/Developer/Library/Frameworks",
					"$(inherited)",
					"$(DEVELOPER_FRAMEWORKS_DIR)",
				);
				GCC_PRECOMPILE_PREFIX_HEADER = YES;
				GCC_PREFIX_HEADER = "valet/valet-Prefix.pch";
				INFOPLIST_FILE = "valetTests/valetTests-Info.plist";
				PRODUCT_NAME = "$(TARGET_NAME)";
				TEST_HOST = "$(BUNDLE_LOADER)";
				WRAPPER_EXTENSION = xctest;
			};
			name = Release;
		};
/* End XCBuildConfiguration section */

/* Begin XCConfigurationList section */
		7AA871C3197A6B030093CAF0 /* Build configuration list for PBXProject "valet" */ = {
			isa = XCConfigurationList;
			buildConfigurations = (
				7AA871F8197A6B030093CAF0 /* Debug */,
				7AA871F9197A6B030093CAF0 /* Release */,
			);
			defaultConfigurationIsVisible = 0;
			defaultConfigurationName = Release;
		};
		7AA871FA197A6B030093CAF0 /* Build configuration list for PBXNativeTarget "valet" */ = {
			isa = XCConfigurationList;
			buildConfigurations = (
				7AA871FB197A6B030093CAF0 /* Debug */,
				7AA871FC197A6B030093CAF0 /* Release */,
			);
			defaultConfigurationIsVisible = 0;
			defaultConfigurationName = Release;
		};
		7AA871FD197A6B030093CAF0 /* Build configuration list for PBXNativeTarget "valetTests" */ = {
			isa = XCConfigurationList;
			buildConfigurations = (
				7AA871FE197A6B030093CAF0 /* Debug */,
				7AA871FF197A6B030093CAF0 /* Release */,
			);
			defaultConfigurationIsVisible = 0;
			defaultConfigurationName = Release;
		};
/* End XCConfigurationList section */

/* Begin XCVersionGroup section */
		7AA871DF197A6B030093CAF0 /* valet.xcdatamodeld */ = {
			isa = XCVersionGroup;
			children = (
				7AA871E0197A6B030093CAF0 /* valet.xcdatamodel */,
			);
			currentVersion = 7AA871E0197A6B030093CAF0 /* valet.xcdatamodel */;
			path = valet.xcdatamodeld;
			sourceTree = "<group>";
			versionGroupType = wrapper.xcdatamodel;
		};
/* End XCVersionGroup section */
	};
	rootObject = 7AA871C0197A6B030093CAF0 /* Project object */;
}
